schema: '2.0'
stages:
  gen-smag-state:
    cmd: calkit slurm batch --name gen-smag-state --environment clima --dep 
      scripts/gen_smag_state.jl --dep config/base.yml --dep config/smag.yml 
      --dep ClimaAtmos.jl/src --dep ClimaAtmos.jl/toml --dep 
      ClimaAtmos.jl/.buildkite/Manifest-v1.11.toml --out 
      results/smag_fixture.jld2 -s --gpus=1 -s --time=30 -- scripts/run.sh 
      ClimaAtmos.jl/.buildkite scripts/gen_smag_state.jl
    deps:
    - path: ClimaAtmos.jl/.buildkite/Manifest-v1.11.toml
      hash: md5
      md5: 960b94f8e8dc62e1ef00310b21171099
      size: 106103
    - path: ClimaAtmos.jl/src
      hash: md5
      md5: 01e1d1b04e003a8a54f22f5da3dc6465.dir
      size: 1317233
      nfiles: 101
    - path: ClimaAtmos.jl/toml
      hash: md5
      md5: f6943f469c23e41ed04469503e7b9563.dir
      size: 11921
      nfiles: 36
    - path: config/base.yml
      hash: md5
      md5: 4756cdb867a59bff0c1f2cb99084db18
      size: 3659
    - path: config/smag.yml
      hash: md5
      md5: d953bd59bd767f59488f1b95350864c4
      size: 22
    - path: scripts/gen_smag_state.jl
      hash: md5
      md5: 35245dd10e4970910f68f2b71d3e3ba4
      size: 1449
    - path: scripts/run.sh
      hash: md5
      md5: 55b895adbb65f6511b237e4d2cde9f25
      size: 1014
    outs:
    - path: .calkit/slurm/logs/gen-smag-state.out
      hash: md5
      md5: 6a6f99ad23e8a126665d4adbd03b2572
      size: 10091
    - path: results/smag_fixture.jld2
      hash: md5
      md5: ee30c111977c5e5872148cda070a2480
      size: 1279337013
  nsys-baseline:
    cmd: calkit slurm batch --name nsys-baseline --environment clima --dep 
      config/base.yml --dep config/smag.yml --dep ClimaAtmos.jl/src --dep 
      ClimaAtmos.jl/toml --dep ClimaAtmos.jl/.buildkite/Manifest-v1.11.toml 
      --dep ClimaAtmos.jl/perf/benchmark_step.jl --out 
      results/nsys/baseline.nsys-rep -s --gpus=1 -s --time=60 -- 
      scripts/run-nsys.sh results/nsys/baseline ClimaAtmos.jl/.buildkite 
      config/base.yml config/smag.yml
    deps:
    - path: ClimaAtmos.jl/.buildkite/Manifest-v1.11.toml
      hash: md5
      md5: 960b94f8e8dc62e1ef00310b21171099
      size: 106103
    - path: ClimaAtmos.jl/perf/benchmark_step.jl
      hash: md5
      md5: e4e56e0353b6c5130c4e3fc03082c211
      size: 2082
    - path: ClimaAtmos.jl/src
      hash: md5
      md5: 01e1d1b04e003a8a54f22f5da3dc6465.dir
      size: 1317233
      nfiles: 101
    - path: ClimaAtmos.jl/toml
      hash: md5
      md5: f6943f469c23e41ed04469503e7b9563.dir
      size: 11921
      nfiles: 36
    - path: config/base.yml
      hash: md5
      md5: 4756cdb867a59bff0c1f2cb99084db18
      size: 3659
    - path: config/smag.yml
      hash: md5
      md5: d953bd59bd767f59488f1b95350864c4
      size: 22
    - path: scripts/run-nsys.sh
      hash: md5
      md5: f83d8ec0a4bd8e2cd5513b64079b7b02
      size: 1546
    outs:
    - path: .calkit/slurm/logs/nsys-baseline.out
      hash: md5
      md5: 6d145551baff589dd34e44bbb06445c9
      size: 14717
    - path: results/nsys/baseline.nsys-rep
      hash: md5
      md5: 03303c2b54bf3d3bbcd4561195593583
      size: 5341436
  nsys-baseline-to-sqlite:
    cmd: ' bash --noprofile --norc -c "nsys export results/nsys/baseline.nsys-rep
      -t sqlite -o results/nsys/baseline.sqlite"'
    deps:
    - path: results/nsys/baseline.nsys-rep
      hash: md5
      md5: 03303c2b54bf3d3bbcd4561195593583
      size: 5341436
    outs:
    - path: results/nsys/baseline.sqlite
      hash: md5
      md5: e0f708c0d8ebdd8f4e1ca91b3708a998
      size: 10686464
  nsys-mod:
    cmd: calkit slurm batch --name nsys-mod --environment clima --dep 
      config/base.yml --dep config/smag.yml --dep ClimaAtmos.jl-mod/src --dep 
      ClimaAtmos.jl-mod/toml --dep 
      ClimaAtmos.jl-mod/.buildkite/Manifest-v1.11.toml --dep 
      ClimaAtmos.jl/perf/benchmark_step.jl --out results/nsys/mod.nsys-rep -s 
      --gpus=1 -s --time=60 -- scripts/run-nsys.sh results/nsys/mod 
      ClimaAtmos.jl-mod/.buildkite config/base.yml config/smag.yml
    deps:
    - path: ClimaAtmos.jl-mod/.buildkite/Manifest-v1.11.toml
      hash: md5
      md5: 960b94f8e8dc62e1ef00310b21171099
      size: 106103
    - path: ClimaAtmos.jl-mod/src
      hash: md5
      md5: 01e1d1b04e003a8a54f22f5da3dc6465.dir
      size: 1317233
      nfiles: 101
    - path: ClimaAtmos.jl-mod/toml
      hash: md5
      md5: f6943f469c23e41ed04469503e7b9563.dir
      size: 11921
      nfiles: 36
    - path: ClimaAtmos.jl/perf/benchmark_step.jl
      hash: md5
      md5: e4e56e0353b6c5130c4e3fc03082c211
      size: 2082
    - path: config/base.yml
      hash: md5
      md5: 4756cdb867a59bff0c1f2cb99084db18
      size: 3659
    - path: config/smag.yml
      hash: md5
      md5: d953bd59bd767f59488f1b95350864c4
      size: 22
    - path: scripts/run-nsys.sh
      hash: md5
      md5: f83d8ec0a4bd8e2cd5513b64079b7b02
      size: 1546
    outs:
    - path: .calkit/slurm/logs/nsys-mod.out
      hash: md5
      md5: 51aaf0bb97aea31b4dfca4a5a84018c2
      size: 14257
    - path: results/nsys/mod.nsys-rep
      hash: md5
      md5: 8ba474adcd13725d12ed02f261e4c463
      size: 5341303
  nsys-mod-to-sqlite:
    cmd: ' bash --noprofile --norc -c "nsys export results/nsys/mod.nsys-rep -t sqlite
      -o results/nsys/mod.sqlite"'
    deps:
    - path: results/nsys/mod.nsys-rep
      hash: md5
      md5: 8ba474adcd13725d12ed02f261e4c463
      size: 5341303
    outs:
    - path: results/nsys/mod.sqlite
      hash: md5
      md5: 77c36a2674d311717bde7e3caadfc139
      size: 10678272
  nsys-baseline-const:
    cmd: calkit slurm batch --name nsys-baseline-const --environment clima --dep
      config/base.yml --dep config/const.yml --dep ClimaAtmos.jl/src --dep 
      ClimaAtmos.jl/toml --dep ClimaAtmos.jl/.buildkite/Manifest-v1.11.toml 
      --dep ClimaAtmos.jl/perf/benchmark_step.jl --out 
      results/nsys/baseline-const.nsys-rep -s --gpus=1 -s --time=60 -- 
      scripts/run-nsys.sh results/nsys/baseline-const ClimaAtmos.jl/.buildkite 
      config/base.yml config/const.yml
    deps:
    - path: ClimaAtmos.jl/.buildkite/Manifest-v1.11.toml
      hash: md5
      md5: 960b94f8e8dc62e1ef00310b21171099
      size: 106103
    - path: ClimaAtmos.jl/perf/benchmark_step.jl
      hash: md5
      md5: e4e56e0353b6c5130c4e3fc03082c211
      size: 2082
    - path: ClimaAtmos.jl/src
      hash: md5
      md5: 01e1d1b04e003a8a54f22f5da3dc6465.dir
      size: 1317233
      nfiles: 101
    - path: ClimaAtmos.jl/toml
      hash: md5
      md5: f6943f469c23e41ed04469503e7b9563.dir
      size: 11921
      nfiles: 36
    - path: config/base.yml
      hash: md5
      md5: 4756cdb867a59bff0c1f2cb99084db18
      size: 3659
    - path: config/const.yml
      hash: md5
      md5: 77bc7b925c754338d9602a945c8888ce
      size: 36
    - path: scripts/run-nsys.sh
      hash: md5
      md5: f83d8ec0a4bd8e2cd5513b64079b7b02
      size: 1546
    outs:
    - path: .calkit/slurm/logs/nsys-baseline-const.out
      hash: md5
      md5: d628b2223f18a1873ffb113d7390c25b
      size: 13984
    - path: results/nsys/baseline-const.nsys-rep
      hash: md5
      md5: 4373a9b46ece42e6192ee42301fc67ac
      size: 5044711
  nsys-baseline-const-to-sqlite:
    cmd: ' bash --noprofile --norc -c "nsys export results/nsys/baseline-const.nsys-rep
      -t sqlite -o results/nsys/baseline-const.sqlite"'
    deps:
    - path: results/nsys/baseline-const.nsys-rep
      hash: md5
      md5: 4373a9b46ece42e6192ee42301fc67ac
      size: 5044711
    outs:
    - path: results/nsys/baseline-const.sqlite
      hash: md5
      md5: 0de0c4a4e817ea3349f8082cd60b2d1a
      size: 10121216
  nsys-baseline-none:
    cmd: calkit slurm batch --name nsys-baseline-none --environment clima --dep 
      config/base.yml --dep ClimaAtmos.jl/src --dep ClimaAtmos.jl/toml --dep 
      ClimaAtmos.jl/.buildkite/Manifest-v1.11.toml --dep 
      ClimaAtmos.jl/perf/benchmark_step.jl --out 
      results/nsys/baseline-none.nsys-rep -s --gpus=1 -s --time=60 -- 
      scripts/run-nsys.sh results/nsys/baseline-none ClimaAtmos.jl/.buildkite 
      config/base.yml
    deps:
    - path: ClimaAtmos.jl/.buildkite/Manifest-v1.11.toml
      hash: md5
      md5: 960b94f8e8dc62e1ef00310b21171099
      size: 106103
    - path: ClimaAtmos.jl/perf/benchmark_step.jl
      hash: md5
      md5: e4e56e0353b6c5130c4e3fc03082c211
      size: 2082
    - path: ClimaAtmos.jl/src
      hash: md5
      md5: 01e1d1b04e003a8a54f22f5da3dc6465.dir
      size: 1317233
      nfiles: 101
    - path: ClimaAtmos.jl/toml
      hash: md5
      md5: f6943f469c23e41ed04469503e7b9563.dir
      size: 11921
      nfiles: 36
    - path: config/base.yml
      hash: md5
      md5: 4756cdb867a59bff0c1f2cb99084db18
      size: 3659
    - path: scripts/run-nsys.sh
      hash: md5
      md5: f83d8ec0a4bd8e2cd5513b64079b7b02
      size: 1546
    outs:
    - path: .calkit/slurm/logs/nsys-baseline-none.out
      hash: md5
      md5: 34c1bb3eea66fec5aad9ce8618fd9da7
      size: 14021
    - path: results/nsys/baseline-none.nsys-rep
      hash: md5
      md5: 588cb9d3732562724a839cf7c0f40d5d
      size: 4976203
  nsys-baseline-none-to-sqlite:
    cmd: ' bash --noprofile --norc -c "nsys export results/nsys/baseline-none.nsys-rep
      -t sqlite -o results/nsys/baseline-none.sqlite"'
    deps:
    - path: results/nsys/baseline-none.nsys-rep
      hash: md5
      md5: 588cb9d3732562724a839cf7c0f40d5d
      size: 4976203
    outs:
    - path: results/nsys/baseline-none.sqlite
      hash: md5
      md5: b95b3cec873056e370ff4b4a892c8755
      size: 9932800
  summarize:
    cmd: calkit xenv -n py --no-check -- python scripts/summarize.py
    deps:
    - path: .calkit/env-locks/py
      hash: md5
      md5: b11b4b2793ead33aa1d1a841df65bc83.dir
      size: 2037
      nfiles: 2
    - path: .calkit/slurm/logs/baseline-const.out
      hash: md5
      md5: 3662ea1faf5cfb15da2a5aaf000cd81c
      size: 17123
    - path: .calkit/slurm/logs/baseline-none.out
      hash: md5
      md5: af0247864d7f58b52ee4c332653bdf56
      size: 17055
    - path: .calkit/slurm/logs/baseline-smag.out
      hash: md5
      md5: e68737b7ed3d2c8cb96a0ca3b2b4d46c
      size: 18386
    - path: .calkit/slurm/logs/mod-smag.out
      hash: md5
      md5: 67b27234b36be1fd587c2aa8758184dd
      size: 18388
    - path: results/nsys
      hash: md5
      md5: 57e508f652abf2f4450954c681164012.dir
      size: 77463311
      nfiles: 12
    - path: scripts/summarize.py
      hash: md5
      md5: dc1349eafb9265a935a1b6823c715da8
      size: 2418
    outs:
    - path: results/summary.csv
      hash: md5
      md5: b7acf0ed3b541443c822d0ca9338845d
      size: 554
  nsys-mod-const:
    cmd: calkit slurm batch --name nsys-mod-const --environment clima --dep 
      config/base.yml --dep config/const.yml --dep ClimaAtmos.jl-mod/src --dep 
      ClimaAtmos.jl-mod/toml --dep 
      ClimaAtmos.jl-mod/.buildkite/Manifest-v1.11.toml --dep 
      ClimaAtmos.jl/perf/benchmark_step.jl --out results/nsys/mod-const.nsys-rep
      -s --gpus=1 -s --time=60 -- scripts/run-nsys.sh results/nsys/mod-const 
      ClimaAtmos.jl-mod/.buildkite config/base.yml config/const.yml
    deps:
    - path: ClimaAtmos.jl-mod/.buildkite/Manifest-v1.11.toml
      hash: md5
      md5: 960b94f8e8dc62e1ef00310b21171099
      size: 106103
    - path: ClimaAtmos.jl-mod/src
      hash: md5
      md5: dbfe30503a02cfcbb6e13591ca80011a.dir
      size: 1317154
      nfiles: 101
    - path: ClimaAtmos.jl-mod/toml
      hash: md5
      md5: f6943f469c23e41ed04469503e7b9563.dir
      size: 11921
      nfiles: 36
    - path: ClimaAtmos.jl/perf/benchmark_step.jl
      hash: md5
      md5: e4e56e0353b6c5130c4e3fc03082c211
      size: 2082
    - path: config/base.yml
      hash: md5
      md5: 4756cdb867a59bff0c1f2cb99084db18
      size: 3659
    - path: config/const.yml
      hash: md5
      md5: 77bc7b925c754338d9602a945c8888ce
      size: 36
    - path: scripts/run-nsys.sh
      hash: md5
      md5: f83d8ec0a4bd8e2cd5513b64079b7b02
      size: 1546
    outs:
    - path: .calkit/slurm/logs/nsys-mod-const.out
      hash: md5
      md5: 12b5ccb8fc73cf3f6cdfb30b3959767c
      size: 13889
    - path: results/nsys/mod-const.nsys-rep
      hash: md5
      md5: f2eecd2c94844a937226dfbcf8671ef1
      size: 5000811
  nsys-mod-const-to-sqlite:
    cmd: ' bash --noprofile --norc -c "nsys export results/nsys/mod-const.nsys-rep
      -t sqlite -o results/nsys/mod-const.sqlite"'
    deps:
    - path: results/nsys/mod-const.nsys-rep
      hash: md5
      md5: f2eecd2c94844a937226dfbcf8671ef1
      size: 5000811
    outs:
    - path: results/nsys/mod-const.sqlite
      hash: md5
      md5: 7757e078f71853c8c658a0a526ac6162
      size: 10039296
  run-baseline-const:
    cmd: calkit slurm batch --name run-baseline-const --environment clima --dep 
      scripts/run.jl --dep config/base.yml --dep config/const.yml --dep 
      ClimaAtmos.jl/src --dep ClimaAtmos.jl/toml --dep 
      ClimaAtmos.jl/.buildkite/Manifest-v1.11.toml -s --gpus=1 -s --time=60 -- 
      scripts/run.sh ClimaAtmos.jl/.buildkite scripts/run.jl --job_id 
      baseline_const --config_file config/base.yml --config_file 
      config/const.yml
    deps:
    - path: ClimaAtmos.jl/.buildkite/Manifest-v1.11.toml
      hash: md5
      md5: 960b94f8e8dc62e1ef00310b21171099
      size: 106103
    - path: ClimaAtmos.jl/src
      hash: md5
      md5: 01e1d1b04e003a8a54f22f5da3dc6465.dir
      size: 1317233
      nfiles: 101
    - path: ClimaAtmos.jl/toml
      hash: md5
      md5: f6943f469c23e41ed04469503e7b9563.dir
      size: 11921
      nfiles: 36
    - path: config/base.yml
      hash: md5
      md5: 4756cdb867a59bff0c1f2cb99084db18
      size: 3659
    - path: config/const.yml
      hash: md5
      md5: 77bc7b925c754338d9602a945c8888ce
      size: 36
    - path: scripts/run.jl
      hash: md5
      md5: 937ff7c7000ed62e98b4420a57d01208
      size: 2022
    - path: scripts/run.sh
      hash: md5
      md5: 55b895adbb65f6511b237e4d2cde9f25
      size: 1014
    outs:
    - path: .calkit/slurm/logs/run-baseline-const.out
      hash: md5
      md5: ceb16abb7c8f6fee40ba701f424c5db4
      size: 17130
  run-mod-const:
    cmd: calkit slurm batch --name run-mod-const --environment clima --dep 
      scripts/run.jl --dep config/base.yml --dep config/const.yml --dep 
      ClimaAtmos.jl-mod/src --dep ClimaAtmos.jl-mod/toml --dep 
      ClimaAtmos.jl-mod/.buildkite/Manifest-v1.11.toml -s --gpus=1 -s --time=60 
      -- scripts/run.sh ClimaAtmos.jl-mod/.buildkite scripts/run.jl --job_id 
      mod_const --config_file config/base.yml --config_file config/const.yml
    deps:
    - path: ClimaAtmos.jl-mod/.buildkite/Manifest-v1.11.toml
      hash: md5
      md5: 960b94f8e8dc62e1ef00310b21171099
      size: 106103
    - path: ClimaAtmos.jl-mod/src
      hash: md5
      md5: dbfe30503a02cfcbb6e13591ca80011a.dir
      size: 1317154
      nfiles: 101
    - path: ClimaAtmos.jl-mod/toml
      hash: md5
      md5: f6943f469c23e41ed04469503e7b9563.dir
      size: 11921
      nfiles: 36
    - path: config/base.yml
      hash: md5
      md5: 4756cdb867a59bff0c1f2cb99084db18
      size: 3659
    - path: config/const.yml
      hash: md5
      md5: 77bc7b925c754338d9602a945c8888ce
      size: 36
    - path: scripts/run.jl
      hash: md5
      md5: 937ff7c7000ed62e98b4420a57d01208
      size: 2022
    - path: scripts/run.sh
      hash: md5
      md5: 55b895adbb65f6511b237e4d2cde9f25
      size: 1014
    outs:
    - path: .calkit/slurm/logs/run-mod-const.out
      hash: md5
      md5: 71ebfe4a354c44a5474a488a3281bdc6
      size: 17296
  run-baseline-none:
    cmd: calkit slurm batch --name run-baseline-none --environment clima --dep 
      scripts/run.jl --dep config/base.yml --dep ClimaAtmos.jl/src --dep 
      ClimaAtmos.jl/toml --dep ClimaAtmos.jl/.buildkite/Manifest-v1.11.toml -s 
      --gpus=1 -s --time=60 -- scripts/run.sh ClimaAtmos.jl/.buildkite 
      scripts/run.jl --job_id baseline_none --config_file config/base.yml
    deps:
    - path: ClimaAtmos.jl/.buildkite/Manifest-v1.11.toml
      hash: md5
      md5: 960b94f8e8dc62e1ef00310b21171099
      size: 106103
    - path: ClimaAtmos.jl/src
      hash: md5
      md5: 01e1d1b04e003a8a54f22f5da3dc6465.dir
      size: 1317233
      nfiles: 101
    - path: ClimaAtmos.jl/toml
      hash: md5
      md5: f6943f469c23e41ed04469503e7b9563.dir
      size: 11921
      nfiles: 36
    - path: config/base.yml
      hash: md5
      md5: 4756cdb867a59bff0c1f2cb99084db18
      size: 3659
    - path: scripts/run.jl
      hash: md5
      md5: 937ff7c7000ed62e98b4420a57d01208
      size: 2022
    - path: scripts/run.sh
      hash: md5
      md5: 55b895adbb65f6511b237e4d2cde9f25
      size: 1014
    outs:
    - path: .calkit/slurm/logs/run-baseline-none.out
      hash: md5
      md5: 5dba52a6035bce9d92b032a2d16b7b35
      size: 17227
  run-baseline-smag:
    cmd: calkit slurm batch --name run-baseline-smag --environment clima --dep 
      scripts/run.jl --dep config/base.yml --dep config/smag.yml --dep 
      ClimaAtmos.jl/src --dep ClimaAtmos.jl/toml --dep 
      ClimaAtmos.jl/.buildkite/Manifest-v1.11.toml -s --gpus=1 -s --time=60 -- 
      scripts/run.sh ClimaAtmos.jl/.buildkite scripts/run.jl --job_id 
      baseline_smag --config_file config/base.yml --config_file config/smag.yml
    deps:
    - path: ClimaAtmos.jl/.buildkite/Manifest-v1.11.toml
      hash: md5
      md5: 960b94f8e8dc62e1ef00310b21171099
      size: 106103
    - path: ClimaAtmos.jl/src
      hash: md5
      md5: 01e1d1b04e003a8a54f22f5da3dc6465.dir
      size: 1317233
      nfiles: 101
    - path: ClimaAtmos.jl/toml
      hash: md5
      md5: f6943f469c23e41ed04469503e7b9563.dir
      size: 11921
      nfiles: 36
    - path: config/base.yml
      hash: md5
      md5: 4756cdb867a59bff0c1f2cb99084db18
      size: 3659
    - path: config/smag.yml
      hash: md5
      md5: d953bd59bd767f59488f1b95350864c4
      size: 22
    - path: scripts/run.jl
      hash: md5
      md5: 937ff7c7000ed62e98b4420a57d01208
      size: 2022
    - path: scripts/run.sh
      hash: md5
      md5: 55b895adbb65f6511b237e4d2cde9f25
      size: 1014
    outs:
    - path: .calkit/slurm/logs/run-baseline-smag.out
      hash: md5
      md5: 747f2246c720c9dcc2f7887a1b71a3ca
      size: 18385
  baseline-none:
    cmd: calkit slurm batch --name baseline-none --environment clima --dep 
      scripts/run.jl --dep config/base.yml --dep ClimaAtmos.jl/src --dep 
      ClimaAtmos.jl/toml --dep ClimaAtmos.jl/.buildkite/Manifest-v1.11.toml -s 
      --gpus=1 -s --time=60 -- scripts/run.sh ClimaAtmos.jl/.buildkite 
      scripts/run.jl --job_id baseline_none --config_file config/base.yml
    deps:
    - path: ClimaAtmos.jl/.buildkite/Manifest-v1.11.toml
      hash: md5
      md5: 960b94f8e8dc62e1ef00310b21171099
      size: 106103
    - path: ClimaAtmos.jl/src
      hash: md5
      md5: 01e1d1b04e003a8a54f22f5da3dc6465.dir
      size: 1317233
      nfiles: 101
    - path: ClimaAtmos.jl/toml
      hash: md5
      md5: f6943f469c23e41ed04469503e7b9563.dir
      size: 11921
      nfiles: 36
    - path: config/base.yml
      hash: md5
      md5: 4756cdb867a59bff0c1f2cb99084db18
      size: 3659
    - path: scripts/run.jl
      hash: md5
      md5: 937ff7c7000ed62e98b4420a57d01208
      size: 2022
    - path: scripts/run.sh
      hash: md5
      md5: 55b895adbb65f6511b237e4d2cde9f25
      size: 1014
    outs:
    - path: .calkit/slurm/logs/baseline-none.out
      hash: md5
      md5: af0247864d7f58b52ee4c332653bdf56
      size: 17055
  baseline-const:
    cmd: calkit slurm batch --name baseline-const --environment clima --dep 
      scripts/run.jl --dep config/base.yml --dep config/const.yml --dep 
      ClimaAtmos.jl/src --dep ClimaAtmos.jl/toml --dep 
      ClimaAtmos.jl/.buildkite/Manifest-v1.11.toml -s --gpus=1 -s --time=60 -- 
      scripts/run.sh ClimaAtmos.jl/.buildkite scripts/run.jl --job_id 
      baseline_const --config_file config/base.yml --config_file 
      config/const.yml
    deps:
    - path: ClimaAtmos.jl/.buildkite/Manifest-v1.11.toml
      hash: md5
      md5: 960b94f8e8dc62e1ef00310b21171099
      size: 106103
    - path: ClimaAtmos.jl/src
      hash: md5
      md5: 01e1d1b04e003a8a54f22f5da3dc6465.dir
      size: 1317233
      nfiles: 101
    - path: ClimaAtmos.jl/toml
      hash: md5
      md5: f6943f469c23e41ed04469503e7b9563.dir
      size: 11921
      nfiles: 36
    - path: config/base.yml
      hash: md5
      md5: 4756cdb867a59bff0c1f2cb99084db18
      size: 3659
    - path: config/const.yml
      hash: md5
      md5: 77bc7b925c754338d9602a945c8888ce
      size: 36
    - path: scripts/run.jl
      hash: md5
      md5: 937ff7c7000ed62e98b4420a57d01208
      size: 2022
    - path: scripts/run.sh
      hash: md5
      md5: 55b895adbb65f6511b237e4d2cde9f25
      size: 1014
    outs:
    - path: .calkit/slurm/logs/baseline-const.out
      hash: md5
      md5: 3662ea1faf5cfb15da2a5aaf000cd81c
      size: 17123
  baseline-smag:
    cmd: calkit slurm batch --name baseline-smag --environment clima --dep 
      scripts/run.jl --dep config/base.yml --dep config/smag.yml --dep 
      ClimaAtmos.jl/src --dep ClimaAtmos.jl/toml --dep 
      ClimaAtmos.jl/.buildkite/Manifest-v1.11.toml -s --gpus=1 -s --time=60 -- 
      scripts/run.sh ClimaAtmos.jl/.buildkite scripts/run.jl --job_id 
      baseline_smag --config_file config/base.yml --config_file config/smag.yml
    deps:
    - path: ClimaAtmos.jl/.buildkite/Manifest-v1.11.toml
      hash: md5
      md5: 960b94f8e8dc62e1ef00310b21171099
      size: 106103
    - path: ClimaAtmos.jl/src
      hash: md5
      md5: 01e1d1b04e003a8a54f22f5da3dc6465.dir
      size: 1317233
      nfiles: 101
    - path: ClimaAtmos.jl/toml
      hash: md5
      md5: f6943f469c23e41ed04469503e7b9563.dir
      size: 11921
      nfiles: 36
    - path: config/base.yml
      hash: md5
      md5: 4756cdb867a59bff0c1f2cb99084db18
      size: 3659
    - path: config/smag.yml
      hash: md5
      md5: d953bd59bd767f59488f1b95350864c4
      size: 22
    - path: scripts/run.jl
      hash: md5
      md5: 937ff7c7000ed62e98b4420a57d01208
      size: 2022
    - path: scripts/run.sh
      hash: md5
      md5: 55b895adbb65f6511b237e4d2cde9f25
      size: 1014
    outs:
    - path: .calkit/slurm/logs/baseline-smag.out
      hash: md5
      md5: e68737b7ed3d2c8cb96a0ca3b2b4d46c
      size: 18386
  mod-const:
    cmd: calkit slurm batch --name mod-const --environment clima --dep 
      scripts/run.jl --dep config/base.yml --dep config/const.yml --dep 
      ClimaAtmos.jl-mod/src --dep ClimaAtmos.jl-mod/toml --dep 
      ClimaAtmos.jl-mod/.buildkite/Manifest-v1.11.toml -s --gpus=1 -s --time=60 
      -- scripts/run.sh ClimaAtmos.jl-mod/.buildkite scripts/run.jl --job_id 
      mod_const --config_file config/base.yml --config_file config/const.yml
    deps:
    - path: ClimaAtmos.jl-mod/.buildkite/Manifest-v1.11.toml
      hash: md5
      md5: 960b94f8e8dc62e1ef00310b21171099
      size: 106103
    - path: ClimaAtmos.jl-mod/src
      hash: md5
      md5: dbfe30503a02cfcbb6e13591ca80011a.dir
      size: 1317154
      nfiles: 101
    - path: ClimaAtmos.jl-mod/toml
      hash: md5
      md5: f6943f469c23e41ed04469503e7b9563.dir
      size: 11921
      nfiles: 36
    - path: config/base.yml
      hash: md5
      md5: 4756cdb867a59bff0c1f2cb99084db18
      size: 3659
    - path: config/const.yml
      hash: md5
      md5: 77bc7b925c754338d9602a945c8888ce
      size: 36
    - path: scripts/run.jl
      hash: md5
      md5: 937ff7c7000ed62e98b4420a57d01208
      size: 2022
    - path: scripts/run.sh
      hash: md5
      md5: 55b895adbb65f6511b237e4d2cde9f25
      size: 1014
    outs:
    - path: .calkit/slurm/logs/mod-const.out
      hash: md5
      md5: 2cde1fdf1d95058477cc8effa68eb71a
      size: 17132
  nsys-baseline-smag:
    cmd: calkit slurm batch --name nsys-baseline-smag --environment clima --dep 
      config/base.yml --dep config/smag.yml --dep ClimaAtmos.jl/src --dep 
      ClimaAtmos.jl/toml --dep ClimaAtmos.jl/.buildkite/Manifest-v1.11.toml 
      --dep ClimaAtmos.jl/perf/benchmark_step.jl --out 
      results/nsys/baseline-smag.nsys-rep -s --gpus=1 -s --time=60 -- 
      scripts/run-nsys.sh results/nsys/baseline-smag ClimaAtmos.jl/.buildkite 
      config/base.yml config/smag.yml
    deps:
    - path: ClimaAtmos.jl/.buildkite/Manifest-v1.11.toml
      hash: md5
      md5: 960b94f8e8dc62e1ef00310b21171099
      size: 106103
    - path: ClimaAtmos.jl/perf/benchmark_step.jl
      hash: md5
      md5: e4e56e0353b6c5130c4e3fc03082c211
      size: 2082
    - path: ClimaAtmos.jl/src
      hash: md5
      md5: 01e1d1b04e003a8a54f22f5da3dc6465.dir
      size: 1317233
      nfiles: 101
    - path: ClimaAtmos.jl/toml
      hash: md5
      md5: f6943f469c23e41ed04469503e7b9563.dir
      size: 11921
      nfiles: 36
    - path: config/base.yml
      hash: md5
      md5: 4756cdb867a59bff0c1f2cb99084db18
      size: 3659
    - path: config/smag.yml
      hash: md5
      md5: d953bd59bd767f59488f1b95350864c4
      size: 22
    - path: scripts/run-nsys.sh
      hash: md5
      md5: f83d8ec0a4bd8e2cd5513b64079b7b02
      size: 1546
    outs:
    - path: .calkit/slurm/logs/nsys-baseline-smag.out
      hash: md5
      md5: 84b4ceb1f15d9aa9aaf7be785afa99ec
      size: 41599
    - path: results/nsys/baseline-smag.nsys-rep
      hash: md5
      md5: 1602daf498124ed4922a696ab6228559
      size: 5347510
  nsys-baseline-smag-to-sqlite:
    cmd: ' bash --noprofile --norc -c "nsys export results/nsys/baseline-smag.nsys-rep
      -t sqlite -o results/nsys/baseline-smag.sqlite"'
    deps:
    - path: results/nsys/baseline-smag.nsys-rep
      hash: md5
      md5: 1602daf498124ed4922a696ab6228559
      size: 5347510
    outs:
    - path: results/nsys/baseline-smag.sqlite
      hash: md5
      md5: 8b3364dd66c58a697d319e5b67f1b7d5
      size: 10850304
  nsys-mod-smag:
    cmd: calkit slurm batch --name nsys-mod-smag --environment clima --dep 
      config/base.yml --dep config/smag.yml --dep ClimaAtmos.jl-mod/src --dep 
      ClimaAtmos.jl-mod/toml --dep 
      ClimaAtmos.jl-mod/.buildkite/Manifest-v1.11.toml --dep 
      ClimaAtmos.jl/perf/benchmark_step.jl --out results/nsys/mod-smag.nsys-rep 
      -s --gpus=1 -s --time=60 -- scripts/run-nsys.sh results/nsys/mod-smag 
      ClimaAtmos.jl-mod/.buildkite config/base.yml config/smag.yml
    deps:
    - path: ClimaAtmos.jl-mod/.buildkite/Manifest-v1.11.toml
      hash: md5
      md5: 960b94f8e8dc62e1ef00310b21171099
      size: 106103
    - path: ClimaAtmos.jl-mod/src
      hash: md5
      md5: b16ef092c89e0b08a949de2c8b80ef23.dir
      size: 1319709
      nfiles: 101
    - path: ClimaAtmos.jl-mod/toml
      hash: md5
      md5: f6943f469c23e41ed04469503e7b9563.dir
      size: 11921
      nfiles: 36
    - path: ClimaAtmos.jl/perf/benchmark_step.jl
      hash: md5
      md5: e4e56e0353b6c5130c4e3fc03082c211
      size: 2082
    - path: config/base.yml
      hash: md5
      md5: 4756cdb867a59bff0c1f2cb99084db18
      size: 3659
    - path: config/smag.yml
      hash: md5
      md5: d953bd59bd767f59488f1b95350864c4
      size: 22
    - path: scripts/run-nsys.sh
      hash: md5
      md5: f83d8ec0a4bd8e2cd5513b64079b7b02
      size: 1546
    outs:
    - path: .calkit/slurm/logs/nsys-mod-smag.out
      hash: md5
      md5: 2f0cfb1f824f7c564fcfab2229f3c661
      size: 13962
    - path: results/nsys/mod-smag.nsys-rep
      hash: md5
      md5: 653a73648e0577287493ca3e6736281e
      size: 5322257
  nsys-mod-smag-to-sqlite:
    cmd: ' bash --noprofile --norc -c "nsys export results/nsys/mod-smag.nsys-rep
      -t sqlite -o results/nsys/mod-smag.sqlite"'
    deps:
    - path: results/nsys/mod-smag.nsys-rep
      hash: md5
      md5: 30a18bf83c4dd191e398a5be432229b3
      size: 5328552
    outs:
    - path: results/nsys/mod-smag.sqlite
      hash: md5
      md5: abdb85279be0a661f783837760dcf410
      size: 10821632
  mod-smag:
    cmd: calkit slurm batch --name mod-smag --environment clima --dep 
      scripts/run.jl --dep config/base.yml --dep config/smag.yml --dep 
      ClimaAtmos.jl-mod/src --dep ClimaAtmos.jl-mod/toml --dep 
      ClimaAtmos.jl-mod/.buildkite/Manifest-v1.11.toml -s --gpus=1 -s --time=60 
      -- scripts/run.sh ClimaAtmos.jl-mod/.buildkite scripts/run.jl --job_id 
      mod_smag --config_file config/base.yml --config_file config/smag.yml
    deps:
    - path: ClimaAtmos.jl-mod/.buildkite/Manifest-v1.11.toml
      hash: md5
      md5: 960b94f8e8dc62e1ef00310b21171099
      size: 106103
    - path: ClimaAtmos.jl-mod/src
      hash: md5
      md5: b16ef092c89e0b08a949de2c8b80ef23.dir
      size: 1319709
      nfiles: 101
    - path: ClimaAtmos.jl-mod/toml
      hash: md5
      md5: f6943f469c23e41ed04469503e7b9563.dir
      size: 11921
      nfiles: 36
    - path: config/base.yml
      hash: md5
      md5: 4756cdb867a59bff0c1f2cb99084db18
      size: 3659
    - path: config/smag.yml
      hash: md5
      md5: d953bd59bd767f59488f1b95350864c4
      size: 22
    - path: scripts/run.jl
      hash: md5
      md5: 937ff7c7000ed62e98b4420a57d01208
      size: 2022
    - path: scripts/run.sh
      hash: md5
      md5: 55b895adbb65f6511b237e4d2cde9f25
      size: 1014
    outs:
    - path: .calkit/slurm/logs/mod-smag.out
      hash: md5
      md5: 40fe4892b570fc9ac0baaf3c45f98dc8
      size: 17285
  ncu-baseline-smag:
    cmd: calkit slurm batch --name ncu-baseline-smag --environment clima --dep 
      config/base.yml --dep config/smag.yml --dep ClimaAtmos.jl/src --dep 
      ClimaAtmos.jl/toml --dep ClimaAtmos.jl/.buildkite/Manifest-v1.11.toml 
      --dep ClimaAtmos.jl/perf/benchmark_step.jl --out 
      results/ncu/baseline-smag.ncu-rep -s --gpus=1 -s --time=120 -- 
      scripts/run-ncu.sh results/ncu/baseline-smag --kernel-name 
      set_smagorinsky_lilly_precomputed_quantities__FILE_ClimaAtmos_jl_src_parameterized_tendencies_les_sgs_models_smagorinsky_lilly_jl_L66
      --project ClimaAtmos.jl/.buildkite --config_file config/base.yml 
      --config_file config/smag.yml --launch-count 6
    deps:
    - path: ClimaAtmos.jl/.buildkite/Manifest-v1.11.toml
      hash: md5
      md5: 960b94f8e8dc62e1ef00310b21171099
      size: 106103
    - path: ClimaAtmos.jl/perf/benchmark_step.jl
      hash: md5
      md5: e4e56e0353b6c5130c4e3fc03082c211
      size: 2082
    - path: ClimaAtmos.jl/src
      hash: md5
      md5: 69be1adb1ac0ebc03ec8147b4a967097.dir
      size: 1319225
      nfiles: 101
    - path: ClimaAtmos.jl/toml
      hash: md5
      md5: f6943f469c23e41ed04469503e7b9563.dir
      size: 11921
      nfiles: 36
    - path: config/base.yml
      hash: md5
      md5: 4756cdb867a59bff0c1f2cb99084db18
      size: 3659
    - path: config/smag.yml
      hash: md5
      md5: d953bd59bd767f59488f1b95350864c4
      size: 22
    - path: scripts/run-ncu.sh
      hash: md5
      md5: e69c92ac2c2d642511bb48c3418110c9
      size: 3060
    outs:
    - path: .calkit/slurm/logs/ncu-baseline-smag.out
      hash: md5
      md5: 138565e90824826cb73ceaf82cfaa534
      size: 14367
    - path: results/ncu/baseline-smag.ncu-rep
      hash: md5
      md5: 7b5dbc27288c510e07dca8f278a3867e
      size: 9040254
